
Microsoft Visual Studio Solution File, Format Version 12.00
Project("{FAE04EC0-301F-11D3-BF4B-00C04F79EFBC}") = "Wf.Frontend", "Wf.Frontend\Wf.Frontend.csproj", "{937C9A46-40D6-4EDC-BB7A-909CA4B07826}"
EndProject
Global
	GlobalSection(SolutionConfigurationPlatforms) = preSolution
		Debug|Any CPU = Debug|Any CPU
		Release|Any CPU = Release|Any CPU
	EndGlobalSection
	GlobalSection(ProjectConfigurationPlatforms) = postSolution
		{937C9A46-40D6-4EDC-BB7A-909CA4B07826}.Debug|Any CPU.ActiveCfg = Debug|Any CPU
		{937C9A46-40D6-4EDC-BB7A-909CA4B07826}.Debug|Any CPU.Build.0 = Debug|Any CPU
		{937C9A46-40D6-4EDC-BB7A-909CA4B07826}.Release|Any CPU.ActiveCfg = Release|Any CPU
		{937C9A46-40D6-4EDC-BB7A-909CA4B07826}.Release|Any CPU.Build.0 = Release|Any CPU
	EndGlobalSection
EndGlobal
