
Microsoft Visual Studio Solution File, Format Version 12.00
Project("{2150E333-8FDC-42A3-9474-1A3956D46DE8}") = "Presentation", "Presentation", "{BB1DC330-26F7-4B41-A3D3-FBCF1F72AF2D}"
EndProject
Project("{FAE04EC0-301F-11D3-BF4B-00C04F79EFBC}") = "Wf.WebApi", "Wf.WebApi\Wf.WebApi.csproj", "{39BDBF28-2CB8-4D9E-9FDF-57425CCA38C1}"
EndProject
Project("{2150E333-8FDC-42A3-9474-1A3956D46DE8}") = "Core", "Core", "{7E1F5A76-2D38-42FE-A0DE-460A5F80A029}"
EndProject
Project("{FAE04EC0-301F-11D3-BF4B-00C04F79EFBC}") = "Wf.Application", "Wf.Application\Wf.Application.csproj", "{F38545B4-BFC9-44E8-87CE-7701C3B98B92}"
EndProject
Project("{FAE04EC0-301F-11D3-BF4B-00C04F79EFBC}") = "Wf.Domain", "Wf.Domain\Wf.Domain.csproj", "{79C28ECA-9778-469B-B4DB-D4F97E8DCCD1}"
EndProject
Project("{2150E333-8FDC-42A3-9474-1A3956D46DE8}") = "Infrastructure", "Infrastructure", "{DD46417D-F8F0-40C0-A019-95CE9EACBA61}"
EndProject
Project("{FAE04EC0-301F-11D3-BF4B-00C04F79EFBC}") = "Wf.Infrastructure", "Wf.Infrastructure\Wf.Infrastructure.csproj", "{0AE60208-9A97-4CE8-B1EB-5B1512A13936}"
EndProject
Project("{2150E333-8FDC-42A3-9474-1A3956D46DE8}") = "Wf.Tests", "Wf.Tests", "{A1F8EE7E-229E-4D78-9734-4DAAD498390F}"
EndProject
Project("{FAE04EC0-301F-11D3-BF4B-00C04F79EFBC}") = "Wf.Tests", "Wf.Tests\Wf.Tests.csproj", "{E49BD89B-B050-4451-9FAC-E008967DE3D0}"
EndProject

Global
	GlobalSection(SolutionConfigurationPlatforms) = preSolution
		Debug|Any CPU = Debug|Any CPU
		Release|Any CPU = Release|Any CPU
	EndGlobalSection
	GlobalSection(NestedProjects) = preSolution
		{39BDBF28-2CB8-4D9E-9FDF-57425CCA38C1} = {BB1DC330-26F7-4B41-A3D3-FBCF1F72AF2D}
		{F38545B4-BFC9-44E8-87CE-7701C3B98B92} = {7E1F5A76-2D38-42FE-A0DE-460A5F80A029}
		{79C28ECA-9778-469B-B4DB-D4F97E8DCCD1} = {7E1F5A76-2D38-42FE-A0DE-460A5F80A029}
		{0AE60208-9A97-4CE8-B1EB-5B1512A13936} = {DD46417D-F8F0-40C0-A019-95CE9EACBA61}
		{37F63D14-FA45-438A-A8E6-C027288A4751} = {4BB3DE87-E767-493C-A166-0CA3D7AC58D2}
		{E49BD89B-B050-4451-9FAC-E008967DE3D0} = {A1F8EE7E-229E-4D78-9734-4DAAD498390F}
	EndGlobalSection
	GlobalSection(ProjectConfigurationPlatforms) = postSolution
		{39BDBF28-2CB8-4D9E-9FDF-57425CCA38C1}.Debug|Any CPU.ActiveCfg = Debug|Any CPU
		{39BDBF28-2CB8-4D9E-9FDF-57425CCA38C1}.Debug|Any CPU.Build.0 = Debug|Any CPU
		{39BDBF28-2CB8-4D9E-9FDF-57425CCA38C1}.Release|Any CPU.ActiveCfg = Release|Any CPU
		{39BDBF28-2CB8-4D9E-9FDF-57425CCA38C1}.Release|Any CPU.Build.0 = Release|Any CPU
		{F38545B4-BFC9-44E8-87CE-7701C3B98B92}.Debug|Any CPU.ActiveCfg = Debug|Any CPU
		{F38545B4-BFC9-44E8-87CE-7701C3B98B92}.Debug|Any CPU.Build.0 = Debug|Any CPU
		{F38545B4-BFC9-44E8-87CE-7701C3B98B92}.Release|Any CPU.ActiveCfg = Release|Any CPU
		{F38545B4-BFC9-44E8-87CE-7701C3B98B92}.Release|Any CPU.Build.0 = Release|Any CPU
		{79C28ECA-9778-469B-B4DB-D4F97E8DCCD1}.Debug|Any CPU.ActiveCfg = Debug|Any CPU
		{79C28ECA-9778-469B-B4DB-D4F97E8DCCD1}.Debug|Any CPU.Build.0 = Debug|Any CPU
		{79C28ECA-9778-469B-B4DB-D4F97E8DCCD1}.Release|Any CPU.ActiveCfg = Release|Any CPU
		{79C28ECA-9778-469B-B4DB-D4F97E8DCCD1}.Release|Any CPU.Build.0 = Release|Any CPU
		{0AE60208-9A97-4CE8-B1EB-5B1512A13936}.Debug|Any CPU.ActiveCfg = Debug|Any CPU
		{0AE60208-9A97-4CE8-B1EB-5B1512A13936}.Debug|Any CPU.Build.0 = Debug|Any CPU
		{0AE60208-9A97-4CE8-B1EB-5B1512A13936}.Release|Any CPU.ActiveCfg = Release|Any CPU
		{0AE60208-9A97-4CE8-B1EB-5B1512A13936}.Release|Any CPU.Build.0 = Release|Any CPU
		{37F63D14-FA45-438A-A8E6-C027288A4751}.Debug|Any CPU.ActiveCfg = Debug|Any CPU
		{37F63D14-FA45-438A-A8E6-C027288A4751}.Debug|Any CPU.Build.0 = Debug|Any CPU
		{37F63D14-FA45-438A-A8E6-C027288A4751}.Release|Any CPU.ActiveCfg = Release|Any CPU
		{37F63D14-FA45-438A-A8E6-C027288A4751}.Release|Any CPU.Build.0 = Release|Any CPU
		{E49BD89B-B050-4451-9FAC-E008967DE3D0}.Debug|Any CPU.ActiveCfg = Debug|Any CPU
		{E49BD89B-B050-4451-9FAC-E008967DE3D0}.Debug|Any CPU.Build.0 = Debug|Any CPU
		{E49BD89B-B050-4451-9FAC-E008967DE3D0}.Release|Any CPU.ActiveCfg = Release|Any CPU
		{E49BD89B-B050-4451-9FAC-E008967DE3D0}.Release|Any CPU.Build.0 = Release|Any CPU
	EndGlobalSection
EndGlobal
